
Microsoft Visual Studio Solution File, Format Version 12.00
# Visual Studio Version 17
VisualStudioVersion = 17.0.31919.166
MinimumVisualStudioVersion = 10.0.40219.1
Project("{9A19103F-16F7-4668-BE54-9A1E7A4F7556}") = "Inheritance", "Inheritance\Inheritance.csproj", "{7E73E8C2-3F66-43C9-800C-95BD337BD19D}"
EndProject
Project("{9A19103F-16F7-4668-BE54-9A1E7A4F7556}") = "Polymorphism", "Polymorphism\Polymorphism.csproj", "{5ABC0857-B856-4B3F-BF22-D1815703A410}"
EndProject
Project("{FAE04EC0-301F-11D3-BF4B-00C04F79EFBC}") = "Interfaces", "Interfaces\Interfaces.csproj", "{32680B24-73F1-4017-91F6-A706AF61FF02}"
EndProject
Global
	GlobalSection(SolutionConfigurationPlatforms) = preSolution
		Debug|Any CPU = Debug|Any CPU
		Release|Any CPU = Release|Any CPU
	EndGlobalSection
	GlobalSection(ProjectConfigurationPlatforms) = postSolution
		{7E73E8C2-3F66-43C9-800C-95BD337BD19D}.Debug|Any CPU.ActiveCfg = Debug|Any CPU
		{7E73E8C2-3F66-43C9-800C-95BD337BD19D}.Debug|Any CPU.Build.0 = Debug|Any CPU
		{7E73E8C2-3F66-43C9-800C-95BD337BD19D}.Release|Any CPU.ActiveCfg = Release|Any CPU
		{7E73E8C2-3F66-43C9-800C-95BD337BD19D}.Release|Any CPU.Build.0 = Release|Any CPU
		{5ABC0857-B856-4B3F-BF22-D1815703A410}.Debug|Any CPU.ActiveCfg = Debug|Any CPU
		{5ABC0857-B856-4B3F-BF22-D1815703A410}.Debug|Any CPU.Build.0 = Debug|Any CPU
		{5ABC0857-B856-4B3F-BF22-D1815703A410}.Release|Any CPU.ActiveCfg = Release|Any CPU
		{5ABC0857-B856-4B3F-BF22-D1815703A410}.Release|Any CPU.Build.0 = Release|Any CPU
		{32680B24-73F1-4017-91F6-A706AF61FF02}.Debug|Any CPU.ActiveCfg = Debug|Any CPU
		{32680B24-73F1-4017-91F6-A706AF61FF02}.Debug|Any CPU.Build.0 = Debug|Any CPU
		{32680B24-73F1-4017-91F6-A706AF61FF02}.Release|Any CPU.ActiveCfg = Release|Any CPU
		{32680B24-73F1-4017-91F6-A706AF61FF02}.Release|Any CPU.Build.0 = Release|Any CPU
	EndGlobalSection
	GlobalSection(SolutionProperties) = preSolution
		HideSolutionNode = FALSE
	EndGlobalSection
	GlobalSection(ExtensibilityGlobals) = postSolution
		SolutionGuid = {2E766C8E-26AD-44FD-8D05-96EEF060F4CD}
	EndGlobalSection
EndGlobal
